
Microsoft Visual Studio Solution File, Format Version 10.00
# Visual Studio 2008
Project("{FAE04EC0-301F-11D3-BF4B-00C04F79EFBC}") = "Spike.SpikingRequirements", "Spike.SpikingRequirements\Spike.SpikingRequirements.csproj", "{12AB0EFA-DC34-4CCC-AA7C-6C762FEA033E}"
EndProject
Project("{FAE04EC0-301F-11D3-BF4B-00C04F79EFBC}") = "Spike.Deployment", "Spike.Deployment\Spike.Deployment.csproj", "{CEA4E539-7B24-465D-B2D2-2A718D32DC77}"
EndProject
Global
	GlobalSection(SolutionConfigurationPlatforms) = preSolution
		Debug|Any CPU = Debug|Any CPU
		Release|Any CPU = Release|Any CPU
	EndGlobalSection
	GlobalSection(ProjectConfigurationPlatforms) = postSolution
		{12AB0EFA-DC34-4CCC-AA7C-6C762FEA033E}.Debug|Any CPU.ActiveCfg = Debug|Any CPU
		{12AB0EFA-DC34-4CCC-AA7C-6C762FEA033E}.Debug|Any CPU.Build.0 = Debug|Any CPU
		{12AB0EFA-DC34-4CCC-AA7C-6C762FEA033E}.Release|Any CPU.ActiveCfg = Release|Any CPU
		{12AB0EFA-DC34-4CCC-AA7C-6C762FEA033E}.Release|Any CPU.Build.0 = Release|Any CPU
		{CEA4E539-7B24-465D-B2D2-2A718D32DC77}.Debug|Any CPU.ActiveCfg = Debug|Any CPU
		{CEA4E539-7B24-465D-B2D2-2A718D32DC77}.Debug|Any CPU.Build.0 = Debug|Any CPU
		{CEA4E539-7B24-465D-B2D2-2A718D32DC77}.Release|Any CPU.ActiveCfg = Release|Any CPU
		{CEA4E539-7B24-465D-B2D2-2A718D32DC77}.Release|Any CPU.Build.0 = Release|Any CPU
	EndGlobalSection
	GlobalSection(SolutionProperties) = preSolution
		HideSolutionNode = FALSE
	EndGlobalSection
EndGlobal
